<?xml version="1.0" encoding="utf-8"?>
<Project ToolsVersion="16.0" xmlns="http://schemas.microsoft.com/developer/msbuild/2003">
  <ItemGroup>
    <ClCompile Include="..\..\..\..\ogr\ogrsf_frmts\generic\ogrsfdriverregistrar.cpp">
      <Filter>Source Files</Filter>
    </ClCompile>
    <ClCompile Include="..\..\..\..\ogr\ogrsf_frmts\generic\ogrlayer.cpp">
      <Filter>Source Files</Filter>
    </ClCompile>
    <ClCompile Include="..\..\..\..\ogr\ogrsf_frmts\generic\ogrdatasource.cpp">
      <Filter>Source Files</Filter>
    </ClCompile>
    <ClCompile Include="..\..\..\..\ogr\ogrsf_frmts\generic\ogrsfdriver.cpp">
      <Filter>Source Files</Filter>
    </ClCompile>
    <ClCompile Include="..\..\..\..\ogr\ogrsf_frmts\generic\ogr_gensql.cpp">
      <Filter>Source Files</Filter>
    </ClCompile>
    <ClCompile Include="..\..\..\..\ogr\ogrsf_frmts\generic\ogr_attrind.cpp">
      <Filter>Source Files</Filter>
    </ClCompile>
    <ClCompile Include="..\..\..\..\ogr\ogrsf_frmts\generic\ogr_miattrind.cpp">
      <Filter>Source Files</Filter>
    </ClCompile>
    <ClCompile Include="..\..\..\..\ogr\ogrsf_frmts\generic\ogrwarpedlayer.cpp">
      <Filter>Source Files</Filter>
    </ClCompile>
    <ClCompile Include="..\..\..\..\ogr\ogrsf_frmts\generic\ogrunionlayer.cpp">
      <Filter>Source Files</Filter>
    </ClCompile>
    <ClCompile Include="..\..\..\..\ogr\ogrsf_frmts\generic\ogrlayerpool.cpp">
      <Filter>Source Files</Filter>
    </ClCompile>
    <ClCompile Include="..\..\..\..\ogr\ogrsf_frmts\generic\ogrlayerdecorator.cpp">
      <Filter>Source Files</Filter>
    </ClCompile>
    <ClCompile Include="..\..\..\..\ogr\ogrsf_frmts\generic\ogreditablelayer.cpp">
      <Filter>Source Files</Filter>
    </ClCompile>
    <ClCompile Include="..\..\..\..\ogr\ogrsf_frmts\generic\ogremulatedtransaction.cpp">
      <Filter>Source Files</Filter>
    </ClCompile>
    <ClCompile Include="..\..\..\..\ogr\ogrsf_frmts\generic\ogrmutexeddatasource.cpp">
      <Filter>Source Files</Filter>
    </ClCompile>
    <ClCompile Include="..\..\..\..\ogr\ogrsf_frmts\generic\ogrmutexedlayer.cpp">
      <Filter>Source Files</Filter>
    </ClCompile>
    <ClCompile Include="..\..\..\..\ogr\ogrsf_frmts\generic\ograrrowarrayhelper.cpp">
      <Filter>Source Files</Filter>
    </ClCompile>
  </ItemGroup>
  <ItemGroup>
    <Filter Include="Source Files">
      <UniqueIdentifier>{AFBF3D6C-1CBC-3397-9CD5-82BB52C95300}</UniqueIdentifier>
    </Filter>
  </ItemGroup>
</Project>