<?xml version="1.0" encoding="utf-8"?>
<Project ToolsVersion="16.0" xmlns="http://schemas.microsoft.com/developer/msbuild/2003">
  <ItemGroup>
    <ClCompile Include="..\..\..\..\ogr\ogrsf_frmts\wfs\ogrwfsdatasource.cpp">
      <Filter>Source Files</Filter>
    </ClCompile>
    <ClCompile Include="..\..\..\..\ogr\ogrsf_frmts\wfs\ogrwfsdriver.cpp">
      <Filter>Source Files</Filter>
    </ClCompile>
    <ClCompile Include="..\..\..\..\ogr\ogrsf_frmts\wfs\ogrwfsfilter.cpp">
      <Filter>Source Files</Filter>
    </ClCompile>
    <ClCompile Include="..\..\..\..\ogr\ogrsf_frmts\wfs\ogrwfsjoinlayer.cpp">
      <Filter>Source Files</Filter>
    </ClCompile>
    <ClCompile Include="..\..\..\..\ogr\ogrsf_frmts\wfs\ogrwfslayer.cpp">
      <Filter>Source Files</Filter>
    </ClCompile>
    <ClCompile Include="..\..\..\..\ogr\ogrsf_frmts\wfs\ogroapifdriver.cpp">
      <Filter>Source Files</Filter>
    </ClCompile>
  </ItemGroup>
  <ItemGroup>
    <ClInclude Include="..\..\..\..\ogr\ogrsf_frmts\wfs\ogr_wfs.h">
      <Filter>Header Files</Filter>
    </ClInclude>
  </ItemGroup>
  <ItemGroup>
    <Filter Include="Header Files">
      <UniqueIdentifier>{07A414C3-BAD2-3F93-88D2-B2A101CC054E}</UniqueIdentifier>
    </Filter>
    <Filter Include="Source Files">
      <UniqueIdentifier>{AFBF3D6C-1CBC-3397-9CD5-82BB52C95300}</UniqueIdentifier>
    </Filter>
  </ItemGroup>
</Project>