<?xml version="1.0" encoding="utf-8"?>
<Project ToolsVersion="16.0" xmlns="http://schemas.microsoft.com/developer/msbuild/2003">
  <ItemGroup>
    <ClCompile Include="..\..\..\..\ogr\ogrsf_frmts\gml\gfstemplate.cpp">
      <Filter>Source Files</Filter>
    </ClCompile>
    <ClCompile Include="..\..\..\..\ogr\ogrsf_frmts\gml\gmlpropertydefn.cpp">
      <Filter>Source Files</Filter>
    </ClCompile>
    <ClCompile Include="..\..\..\..\ogr\ogrsf_frmts\gml\gmlreadstate.cpp">
      <Filter>Source Files</Filter>
    </ClCompile>
    <ClCompile Include="..\..\..\..\ogr\ogrsf_frmts\gml\ogrgmldriver.cpp">
      <Filter>Source Files</Filter>
    </ClCompile>
    <ClCompile Include="..\..\..\..\ogr\ogrsf_frmts\gml\resolvexlinks.cpp">
      <Filter>Source Files</Filter>
    </ClCompile>
    <ClCompile Include="..\..\..\..\ogr\ogrsf_frmts\gml\gmlfeature.cpp">
      <Filter>Source Files</Filter>
    </ClCompile>
    <ClCompile Include="..\..\..\..\ogr\ogrsf_frmts\gml\gmlreader.cpp">
      <Filter>Source Files</Filter>
    </ClCompile>
    <ClCompile Include="..\..\..\..\ogr\ogrsf_frmts\gml\gmlregistry.cpp">
      <Filter>Source Files</Filter>
    </ClCompile>
    <ClCompile Include="..\..\..\..\ogr\ogrsf_frmts\gml\hugefileresolver.cpp">
      <Filter>Source Files</Filter>
    </ClCompile>
    <ClCompile Include="..\..\..\..\ogr\ogrsf_frmts\gml\ogrgmllayer.cpp">
      <Filter>Source Files</Filter>
    </ClCompile>
    <ClCompile Include="..\..\..\..\ogr\ogrsf_frmts\gml\gmlfeatureclass.cpp">
      <Filter>Source Files</Filter>
    </ClCompile>
    <ClCompile Include="..\..\..\..\ogr\ogrsf_frmts\gml\parsexsd.cpp">
      <Filter>Source Files</Filter>
    </ClCompile>
    <ClCompile Include="..\..\..\..\ogr\ogrsf_frmts\gml\gmlhandler.cpp">
      <Filter>Source Files</Filter>
    </ClCompile>
    <ClCompile Include="..\..\..\..\ogr\ogrsf_frmts\gml\gmlutils.cpp">
      <Filter>Source Files</Filter>
    </ClCompile>
    <ClCompile Include="..\..\..\..\ogr\ogrsf_frmts\gml\ogrgmldatasource.cpp">
      <Filter>Source Files</Filter>
    </ClCompile>
  </ItemGroup>
  <ItemGroup>
    <ClInclude Include="..\..\..\..\ogr\ogrsf_frmts\gml\gmlutils.h">
      <Filter>Header Files</Filter>
    </ClInclude>
    <ClInclude Include="..\..\..\..\ogr\ogrsf_frmts\gml\xercesc_headers.h">
      <Filter>Header Files</Filter>
    </ClInclude>
    <ClInclude Include="..\..\..\..\ogr\ogrsf_frmts\gml\gmlreader.h">
      <Filter>Header Files</Filter>
    </ClInclude>
    <ClInclude Include="..\..\..\..\ogr\ogrsf_frmts\gml\gmlregistry.h">
      <Filter>Header Files</Filter>
    </ClInclude>
    <ClInclude Include="..\..\..\..\ogr\ogrsf_frmts\gml\ogr_gml.h">
      <Filter>Header Files</Filter>
    </ClInclude>
    <ClInclude Include="..\..\..\..\ogr\ogrsf_frmts\gml\gmlreaderp.h">
      <Filter>Header Files</Filter>
    </ClInclude>
    <ClInclude Include="..\..\..\..\ogr\ogrsf_frmts\gml\parsexsd.h">
      <Filter>Header Files</Filter>
    </ClInclude>
  </ItemGroup>
  <ItemGroup>
    <Filter Include="Header Files">
      <UniqueIdentifier>{07A414C3-BAD2-3F93-88D2-B2A101CC054E}</UniqueIdentifier>
    </Filter>
    <Filter Include="Source Files">
      <UniqueIdentifier>{AFBF3D6C-1CBC-3397-9CD5-82BB52C95300}</UniqueIdentifier>
    </Filter>
  </ItemGroup>
</Project>