<?xml version="1.0" encoding="utf-8"?>
<Project ToolsVersion="16.0" xmlns="http://schemas.microsoft.com/developer/msbuild/2003">
  <ItemGroup>
    <ClCompile Include="..\..\..\..\frmts\pcidsk\sdk\blockdir\asciitiledir.cpp">
      <Filter>Source Files</Filter>
    </ClCompile>
    <ClCompile Include="..\..\..\..\frmts\pcidsk\sdk\blockdir\asciitilelayer.cpp">
      <Filter>Source Files</Filter>
    </ClCompile>
    <ClCompile Include="..\..\..\..\frmts\pcidsk\sdk\blockdir\binarytiledir.cpp">
      <Filter>Source Files</Filter>
    </ClCompile>
    <ClCompile Include="..\..\..\..\frmts\pcidsk\sdk\blockdir\binarytilelayer.cpp">
      <Filter>Source Files</Filter>
    </ClCompile>
    <ClCompile Include="..\..\..\..\frmts\pcidsk\sdk\blockdir\blockdir.cpp">
      <Filter>Source Files</Filter>
    </ClCompile>
    <ClCompile Include="..\..\..\..\frmts\pcidsk\sdk\blockdir\blockfile.cpp">
      <Filter>Source Files</Filter>
    </ClCompile>
    <ClCompile Include="..\..\..\..\frmts\pcidsk\sdk\blockdir\blocklayer.cpp">
      <Filter>Source Files</Filter>
    </ClCompile>
    <ClCompile Include="..\..\..\..\frmts\pcidsk\sdk\blockdir\blocktiledir.cpp">
      <Filter>Source Files</Filter>
    </ClCompile>
    <ClCompile Include="..\..\..\..\frmts\pcidsk\sdk\blockdir\blocktilelayer.cpp">
      <Filter>Source Files</Filter>
    </ClCompile>
    <ClCompile Include="..\..\..\..\frmts\pcidsk\sdk\channel\cbandinterleavedchannel.cpp">
      <Filter>Source Files</Filter>
    </ClCompile>
    <ClCompile Include="..\..\..\..\frmts\pcidsk\sdk\channel\cexternalchannel.cpp">
      <Filter>Source Files</Filter>
    </ClCompile>
    <ClCompile Include="..\..\..\..\frmts\pcidsk\sdk\channel\cpcidskchannel.cpp">
      <Filter>Source Files</Filter>
    </ClCompile>
    <ClCompile Include="..\..\..\..\frmts\pcidsk\sdk\channel\cpixelinterleavedchannel.cpp">
      <Filter>Source Files</Filter>
    </ClCompile>
    <ClCompile Include="..\..\..\..\frmts\pcidsk\sdk\channel\ctiledchannel.cpp">
      <Filter>Source Files</Filter>
    </ClCompile>
    <ClCompile Include="..\..\..\..\frmts\pcidsk\sdk\core\clinksegment.cpp">
      <Filter>Source Files</Filter>
    </ClCompile>
    <ClCompile Include="..\..\..\..\frmts\pcidsk\sdk\core\cpcidskblockfile.cpp">
      <Filter>Source Files</Filter>
    </ClCompile>
    <ClCompile Include="..\..\..\..\frmts\pcidsk\sdk\core\cpcidskfile.cpp">
      <Filter>Source Files</Filter>
    </ClCompile>
    <ClCompile Include="..\..\..\..\frmts\pcidsk\sdk\core\edb_pcidsk.cpp">
      <Filter>Source Files</Filter>
    </ClCompile>
    <ClCompile Include="..\..\..\..\frmts\pcidsk\sdk\core\libjpeg_io.cpp">
      <Filter>Source Files</Filter>
    </ClCompile>
    <ClCompile Include="..\..\..\..\frmts\pcidsk\sdk\core\metadataset_p.cpp">
      <Filter>Source Files</Filter>
    </ClCompile>
    <ClCompile Include="..\..\..\..\frmts\pcidsk\sdk\core\pcidsk_pubutils.cpp">
      <Filter>Source Files</Filter>
    </ClCompile>
    <ClCompile Include="..\..\..\..\frmts\pcidsk\sdk\core\pcidsk_raster.cpp">
      <Filter>Source Files</Filter>
    </ClCompile>
    <ClCompile Include="..\..\..\..\frmts\pcidsk\sdk\core\pcidsk_scanint.cpp">
      <Filter>Source Files</Filter>
    </ClCompile>
    <ClCompile Include="..\..\..\..\frmts\pcidsk\sdk\core\pcidsk_utils.cpp">
      <Filter>Source Files</Filter>
    </ClCompile>
    <ClCompile Include="..\..\..\..\frmts\pcidsk\sdk\core\pcidskbuffer.cpp">
      <Filter>Source Files</Filter>
    </ClCompile>
    <ClCompile Include="..\..\..\..\frmts\pcidsk\sdk\core\pcidskcreate.cpp">
      <Filter>Source Files</Filter>
    </ClCompile>
    <ClCompile Include="..\..\..\..\frmts\pcidsk\sdk\core\pcidskexception.cpp">
      <Filter>Source Files</Filter>
    </ClCompile>
    <ClCompile Include="..\..\..\..\frmts\pcidsk\sdk\core\pcidskinterfaces.cpp">
      <Filter>Source Files</Filter>
    </ClCompile>
    <ClCompile Include="..\..\..\..\frmts\pcidsk\sdk\core\pcidskopen.cpp">
      <Filter>Source Files</Filter>
    </ClCompile>
    <ClCompile Include="..\..\..\..\frmts\pcidsk\sdk\segment\cpcidsk_array.cpp">
      <Filter>Source Files</Filter>
    </ClCompile>
    <ClCompile Include="..\..\..\..\frmts\pcidsk\sdk\segment\cpcidsk_tex.cpp">
      <Filter>Source Files</Filter>
    </ClCompile>
    <ClCompile Include="..\..\..\..\frmts\pcidsk\sdk\segment\cpcidskbinarysegment.cpp">
      <Filter>Source Files</Filter>
    </ClCompile>
    <ClCompile Include="..\..\..\..\frmts\pcidsk\sdk\segment\cpcidskbitmap.cpp">
      <Filter>Source Files</Filter>
    </ClCompile>
    <ClCompile Include="..\..\..\..\frmts\pcidsk\sdk\segment\cpcidskblut.cpp">
      <Filter>Source Files</Filter>
    </ClCompile>
    <ClCompile Include="..\..\..\..\frmts\pcidsk\sdk\segment\cpcidskpct.cpp">
      <Filter>Source Files</Filter>
    </ClCompile>
    <ClCompile Include="..\..\..\..\frmts\pcidsk\sdk\segment\cpcidskephemerissegment.cpp">
      <Filter>Source Files</Filter>
    </ClCompile>
    <ClCompile Include="..\..\..\..\frmts\pcidsk\sdk\segment\cpcidskgcp2segment.cpp">
      <Filter>Source Files</Filter>
    </ClCompile>
    <ClCompile Include="..\..\..\..\frmts\pcidsk\sdk\segment\cpcidskgeoref.cpp">
      <Filter>Source Files</Filter>
    </ClCompile>
    <ClCompile Include="..\..\..\..\frmts\pcidsk\sdk\segment\cpcidsklut.cpp">
      <Filter>Source Files</Filter>
    </ClCompile>
    <ClCompile Include="..\..\..\..\frmts\pcidsk\sdk\segment\cpcidskbpct.cpp">
      <Filter>Source Files</Filter>
    </ClCompile>
    <ClCompile Include="..\..\..\..\frmts\pcidsk\sdk\segment\cpcidskpolymodel.cpp">
      <Filter>Source Files</Filter>
    </ClCompile>
    <ClCompile Include="..\..\..\..\frmts\pcidsk\sdk\segment\cpcidskrpcmodel.cpp">
      <Filter>Source Files</Filter>
    </ClCompile>
    <ClCompile Include="..\..\..\..\frmts\pcidsk\sdk\segment\cpcidsksegment.cpp">
      <Filter>Source Files</Filter>
    </ClCompile>
    <ClCompile Include="..\..\..\..\frmts\pcidsk\sdk\segment\cpcidsktoutinmodel.cpp">
      <Filter>Source Files</Filter>
    </ClCompile>
    <ClCompile Include="..\..\..\..\frmts\pcidsk\sdk\segment\cpcidskvectorsegment.cpp">
      <Filter>Source Files</Filter>
    </ClCompile>
    <ClCompile Include="..\..\..\..\frmts\pcidsk\sdk\segment\cpcidskvectorsegment_consistencycheck.cpp">
      <Filter>Source Files</Filter>
    </ClCompile>
    <ClCompile Include="..\..\..\..\frmts\pcidsk\sdk\segment\metadatasegment_p.cpp">
      <Filter>Source Files</Filter>
    </ClCompile>
    <ClCompile Include="..\..\..\..\frmts\pcidsk\sdk\segment\systiledir.cpp">
      <Filter>Source Files</Filter>
    </ClCompile>
    <ClCompile Include="..\..\..\..\frmts\pcidsk\sdk\segment\vecsegdataindex.cpp">
      <Filter>Source Files</Filter>
    </ClCompile>
    <ClCompile Include="..\..\..\..\frmts\pcidsk\sdk\segment\vecsegheader.cpp">
      <Filter>Source Files</Filter>
    </ClCompile>
  </ItemGroup>
  <ItemGroup>
    <Filter Include="Source Files">
      <UniqueIdentifier>{AFBF3D6C-1CBC-3397-9CD5-82BB52C95300}</UniqueIdentifier>
    </Filter>
  </ItemGroup>
</Project>