<?xml version="1.0" encoding="utf-8"?>
<Project ToolsVersion="16.0" xmlns="http://schemas.microsoft.com/developer/msbuild/2003">
  <ItemGroup>
    <CustomBuild Include="..\CMakeFiles\76b9ee1589839c7d709695232340735c\completion.rule" />
  </ItemGroup>
  <ItemGroup>
    <None Include=".\CMakeFiles\completion" />
  </ItemGroup>
  <ItemGroup>
    <Filter Include="CMake Rules">
      <UniqueIdentifier>{401AE35D-CBD1-35CB-AAB2-FDA006E23AA3}</UniqueIdentifier>
    </Filter>
  </ItemGroup>
</Project>